
Microsoft Visual Studio Solution File, Format Version 12.00
# Visual Studio Version 16
VisualStudioVersion = 16.0.30804.86
MinimumVisualStudioVersion = 10.0.40219.1
Project("{9A19103F-16F7-4668-BE54-9A1E7A4F7556}") = "Business", "Business\Business.csproj", "{D560D0F3-72EA-417F-8C4E-046C4E86B9D4}"
EndProject
Project("{9A19103F-16F7-4668-BE54-9A1E7A4F7556}") = "DataAccess", "DataAccess\DataAccess.csproj", "{086F59D1-720C-46BA-885C-A60BA4F90D3F}"
EndProject
Project("{9A19103F-16F7-4668-BE54-9A1E7A4F7556}") = "Entities", "Entities\Entities.csproj", "{8F5EC2A8-C7BC-4DB6-A570-398272EC33B4}"
EndProject
Project("{9A19103F-16F7-4668-BE54-9A1E7A4F7556}") = "ConsoleUI", "ConsoleUI\ConsoleUI.csproj", "{5B6301E4-F063-4646-9725-F51E068B70D3}"
EndProject
Project("{FAE04EC0-301F-11D3-BF4B-00C04F79EFBC}") = "Core", "Core\Core.csproj", "{34A3F68D-C104-416E-9B1B-C2E927761947}"
EndProject
Global
	GlobalSection(SolutionConfigurationPlatforms) = preSolution
		Debug|Any CPU = Debug|Any CPU
		Release|Any CPU = Release|Any CPU
	EndGlobalSection
	GlobalSection(ProjectConfigurationPlatforms) = postSolution
		{D560D0F3-72EA-417F-8C4E-046C4E86B9D4}.Debug|Any CPU.ActiveCfg = Debug|Any CPU
		{D560D0F3-72EA-417F-8C4E-046C4E86B9D4}.Debug|Any CPU.Build.0 = Debug|Any CPU
		{D560D0F3-72EA-417F-8C4E-046C4E86B9D4}.Release|Any CPU.ActiveCfg = Release|Any CPU
		{D560D0F3-72EA-417F-8C4E-046C4E86B9D4}.Release|Any CPU.Build.0 = Release|Any CPU
		{086F59D1-720C-46BA-885C-A60BA4F90D3F}.Debug|Any CPU.ActiveCfg = Debug|Any CPU
		{086F59D1-720C-46BA-885C-A60BA4F90D3F}.Debug|Any CPU.Build.0 = Debug|Any CPU
		{086F59D1-720C-46BA-885C-A60BA4F90D3F}.Release|Any CPU.ActiveCfg = Release|Any CPU
		{086F59D1-720C-46BA-885C-A60BA4F90D3F}.Release|Any CPU.Build.0 = Release|Any CPU
		{8F5EC2A8-C7BC-4DB6-A570-398272EC33B4}.Debug|Any CPU.ActiveCfg = Debug|Any CPU
		{8F5EC2A8-C7BC-4DB6-A570-398272EC33B4}.Debug|Any CPU.Build.0 = Debug|Any CPU
		{8F5EC2A8-C7BC-4DB6-A570-398272EC33B4}.Release|Any CPU.ActiveCfg = Release|Any CPU
		{8F5EC2A8-C7BC-4DB6-A570-398272EC33B4}.Release|Any CPU.Build.0 = Release|Any CPU
		{5B6301E4-F063-4646-9725-F51E068B70D3}.Debug|Any CPU.ActiveCfg = Debug|Any CPU
		{5B6301E4-F063-4646-9725-F51E068B70D3}.Debug|Any CPU.Build.0 = Debug|Any CPU
		{5B6301E4-F063-4646-9725-F51E068B70D3}.Release|Any CPU.ActiveCfg = Release|Any CPU
		{5B6301E4-F063-4646-9725-F51E068B70D3}.Release|Any CPU.Build.0 = Release|Any CPU
		{34A3F68D-C104-416E-9B1B-C2E927761947}.Debug|Any CPU.ActiveCfg = Debug|Any CPU
		{34A3F68D-C104-416E-9B1B-C2E927761947}.Debug|Any CPU.Build.0 = Debug|Any CPU
		{34A3F68D-C104-416E-9B1B-C2E927761947}.Release|Any CPU.ActiveCfg = Release|Any CPU
		{34A3F68D-C104-416E-9B1B-C2E927761947}.Release|Any CPU.Build.0 = Release|Any CPU
	EndGlobalSection
	GlobalSection(SolutionProperties) = preSolution
		HideSolutionNode = FALSE
	EndGlobalSection
	GlobalSection(ExtensibilityGlobals) = postSolution
		SolutionGuid = {2D62112A-B9C4-4D50-9AAE-3A142D903034}
	EndGlobalSection
EndGlobal
